<?xml version="1.0" encoding="utf-8"?>
<Project ToolsVersion="4.0" xmlns="http://schemas.microsoft.com/developer/msbuild/2003">
  <ItemGroup>
    <Filter Include="Src">
      <UniqueIdentifier>{7f9538a9-3712-4a75-bdae-ab6dd6136791}</UniqueIdentifier>
    </Filter>
    <Filter Include="Src\RenderEngine">
      <UniqueIdentifier>{c2f70cdf-9cda-4ff8-a327-4643b159349f}</UniqueIdentifier>
    </Filter>
    <Filter Include="Src\EngineTester">
      <UniqueIdentifier>{f03f2744-d8e3-4a31-a7fd-93bc17bf337f}</UniqueIdentifier>
    </Filter>
    <Filter Include="Src\Shaders">
      <UniqueIdentifier>{e1015ee5-f9a2-43e4-835a-8e5acd19ad28}</UniqueIdentifier>
    </Filter>
    <Filter Include="Res">
      <UniqueIdentifier>{12370c2c-11b5-4490-801c-76786d196863}</UniqueIdentifier>
    </Filter>
    <Filter Include="Src\Textures">
      <UniqueIdentifier>{8b18e47c-8018-454a-892c-add19a70c3a5}</UniqueIdentifier>
    </Filter>
    <Filter Include="Src\Models">
      <UniqueIdentifier>{8f9519a7-76c0-4be3-8653-87508711ed0f}</UniqueIdentifier>
    </Filter>
    <Filter Include="Src\Toolbox">
      <UniqueIdentifier>{17384512-c5e1-4a41-819b-7f1e5b18fda8}</UniqueIdentifier>
    </Filter>
    <Filter Include="Src\Entities">
      <UniqueIdentifier>{5eca45c1-154b-4da5-9c20-2a8c5f060dad}</UniqueIdentifier>
    </Filter>
    <Filter Include="Src\Terrains">
      <UniqueIdentifier>{0fac96c7-9cbb-4ba8-8c8f-73aabeb89c09}</UniqueIdentifier>
    </Filter>
    <Filter Include="Src\GUI">
      <UniqueIdentifier>{d5401bdd-732d-4b01-ba8a-e2434108bfaa}</UniqueIdentifier>
    </Filter>
    <Filter Include="Src\Skybox">
      <UniqueIdentifier>{fd781594-910d-4646-9fa4-76ef3a837c68}</UniqueIdentifier>
    </Filter>
    <Filter Include="Src\Water">
      <UniqueIdentifier>{dcaae188-e5c0-44d5-81f6-fd050c4f0f74}</UniqueIdentifier>
    </Filter>
  </ItemGroup>
  <ItemGroup>
    <ClInclude Include="DisplayManager.h">
      <Filter>Src\RenderEngine</Filter>
    </ClInclude>
    <ClInclude Include="Loader.h">
      <Filter>Src\RenderEngine</Filter>
    </ClInclude>
    <ClInclude Include="resource.h">
      <Filter>Src\RenderEngine</Filter>
    </ClInclude>
    <ClInclude Include="ShaderProgram.h">
      <Filter>Src\Shaders</Filter>
    </ClInclude>
    <ClInclude Include="StaticShader.h">
      <Filter>Src\Shaders</Filter>
    </ClInclude>
    <ClInclude Include="stb_image.h">
      <Filter>Src\RenderEngine</Filter>
    </ClInclude>
    <ClInclude Include="RawModel.h">
      <Filter>Src\Models</Filter>
    </ClInclude>
    <ClInclude Include="ModelTexture.h">
      <Filter>Src\Textures</Filter>
    </ClInclude>
    <ClInclude Include="TexturedModel.h">
      <Filter>Src\Models</Filter>
    </ClInclude>
    <ClInclude Include="Maths.h">
      <Filter>Src\Toolbox</Filter>
    </ClInclude>
    <ClInclude Include="Entity.h">
      <Filter>Src\Entities</Filter>
    </ClInclude>
    <ClInclude Include="OBJLoader.h">
      <Filter>Src\RenderEngine</Filter>
    </ClInclude>
    <ClInclude Include="Utils.h">
      <Filter>Src\Toolbox</Filter>
    </ClInclude>
    <ClInclude Include="Camera.h">
      <Filter>Src\Entities</Filter>
    </ClInclude>
    <ClInclude Include="Light.h">
      <Filter>Src\Entities</Filter>
    </ClInclude>
    <ClInclude Include="MasterRenderer.h">
      <Filter>Src\RenderEngine</Filter>
    </ClInclude>
    <ClInclude Include="Terrain.h">
      <Filter>Src\Terrains</Filter>
    </ClInclude>
    <ClInclude Include="EntityRenderer.h">
      <Filter>Src\RenderEngine</Filter>
    </ClInclude>
    <ClInclude Include="TerrainShader.h">
      <Filter>Src\Shaders</Filter>
    </ClInclude>
    <ClInclude Include="TerrainRenderer.h">
      <Filter>Src\RenderEngine</Filter>
    </ClInclude>
    <ClInclude Include="TerrainTexture.h">
      <Filter>Src\Textures</Filter>
    </ClInclude>
    <ClInclude Include="TerrainTexturePack.h">
      <Filter>Src\Textures</Filter>
    </ClInclude>
    <ClInclude Include="Player.h">
      <Filter>Src\Entities</Filter>
    </ClInclude>
    <ClInclude Include="GuiTexture.h">
      <Filter>Src\GUI</Filter>
    </ClInclude>
    <ClInclude Include="GuiRenderer.h">
      <Filter>Src\GUI</Filter>
    </ClInclude>
    <ClInclude Include="GuiShader.h">
      <Filter>Src\GUI</Filter>
    </ClInclude>
    <ClInclude Include="SkyboxRenderer.h">
      <Filter>Src\Skybox</Filter>
    </ClInclude>
    <ClInclude Include="SkyboxShader.h">
      <Filter>Src\Skybox</Filter>
    </ClInclude>
    <ClInclude Include="TextureData.h">
      <Filter>Src\Textures</Filter>
    </ClInclude>
    <ClInclude Include="MousePicker.h">
      <Filter>Src\Toolbox</Filter>
    </ClInclude>
    <ClInclude Include="WaterRenderer.h">
      <Filter>Src\Water</Filter>
    </ClInclude>
    <ClInclude Include="WaterShader.h">
      <Filter>Src\Water</Filter>
    </ClInclude>
    <ClInclude Include="WaterTile.h">
      <Filter>Src\Water</Filter>
    </ClInclude>
    <ClInclude Include="WaterFrameBuffer.h">
      <Filter>Src\Water</Filter>
    </ClInclude>
    <ClInclude Include="Plane.h">
      <Filter>Src\Entities</Filter>
    </ClInclude>
    <ClInclude Include="Frustum.h">
      <Filter>Src\Entities</Filter>
    </ClInclude>
  </ItemGroup>
  <ItemGroup>
    <ClCompile Include="Main.cpp">
      <Filter>Src\EngineTester</Filter>
    </ClCompile>
    <ClCompile Include="DisplayManager.cpp">
      <Filter>Src\RenderEngine</Filter>
    </ClCompile>
    <ClCompile Include="Loader.cpp">
      <Filter>Src\RenderEngine</Filter>
    </ClCompile>
    <ClCompile Include="ShaderProgram.cpp">
      <Filter>Src\Shaders</Filter>
    </ClCompile>
    <ClCompile Include="StaticShader.cpp">
      <Filter>Src\Shaders</Filter>
    </ClCompile>
    <ClCompile Include="RawModel.cpp">
      <Filter>Src\Models</Filter>
    </ClCompile>
    <ClCompile Include="ModelTexture.cpp">
      <Filter>Src\Textures</Filter>
    </ClCompile>
    <ClCompile Include="TexturedModel.cpp">
      <Filter>Src\Models</Filter>
    </ClCompile>
    <ClCompile Include="Entity.cpp">
      <Filter>Src\Entities</Filter>
    </ClCompile>
    <ClCompile Include="Camera.cpp">
      <Filter>Src\Entities</Filter>
    </ClCompile>
    <ClCompile Include="Light.cpp">
      <Filter>Src\Entities</Filter>
    </ClCompile>
    <ClCompile Include="MasterRenderer.cpp">
      <Filter>Src\RenderEngine</Filter>
    </ClCompile>
    <ClCompile Include="Terrain.cpp">
      <Filter>Src\Terrains</Filter>
    </ClCompile>
    <ClCompile Include="EntityRenderer.cpp">
      <Filter>Src\RenderEngine</Filter>
    </ClCompile>
    <ClCompile Include="TerrainShader.cpp">
      <Filter>Src\Shaders</Filter>
    </ClCompile>
    <ClCompile Include="TerrainRenderer.cpp">
      <Filter>Src\RenderEngine</Filter>
    </ClCompile>
    <ClCompile Include="TerrainTexture.cpp">
      <Filter>Src\Textures</Filter>
    </ClCompile>
    <ClCompile Include="TerrainTexturePack.cpp">
      <Filter>Src\Textures</Filter>
    </ClCompile>
    <ClCompile Include="Player.cpp">
      <Filter>Src\Entities</Filter>
    </ClCompile>
    <ClCompile Include="GuiTexture.cpp">
      <Filter>Src\GUI</Filter>
    </ClCompile>
    <ClCompile Include="GuiRenderer.cpp">
      <Filter>Src\GUI</Filter>
    </ClCompile>
    <ClCompile Include="GuiShader.cpp">
      <Filter>Src\GUI</Filter>
    </ClCompile>
    <ClCompile Include="SkyboxRenderer.cpp">
      <Filter>Src\Skybox</Filter>
    </ClCompile>
    <ClCompile Include="SkyboxShader.cpp">
      <Filter>Src\Skybox</Filter>
    </ClCompile>
    <ClCompile Include="TextureData.cpp">
      <Filter>Src\Textures</Filter>
    </ClCompile>
    <ClCompile Include="MousePicker.cpp">
      <Filter>Src\Toolbox</Filter>
    </ClCompile>
    <ClCompile Include="WaterRenderer.cpp">
      <Filter>Src\Water</Filter>
    </ClCompile>
    <ClCompile Include="WaterShader.cpp">
      <Filter>Src\Water</Filter>
    </ClCompile>
    <ClCompile Include="WaterTile.cpp">
      <Filter>Src\Water</Filter>
    </ClCompile>
    <ClCompile Include="WaterFrameBuffer.cpp">
      <Filter>Src\Water</Filter>
    </ClCompile>
    <ClCompile Include="Frustum.cpp">
      <Filter>Src\Entities</Filter>
    </ClCompile>
  </ItemGroup>
  <ItemGroup>
    <Text Include="vertex_shader.txt">
      <Filter>Src\Shaders</Filter>
    </Text>
    <Text Include="fragment_shader.txt">
      <Filter>Src\Shaders</Filter>
    </Text>
    <Text Include="terrain_fragment_shader.txt">
      <Filter>Src\Shaders</Filter>
    </Text>
    <Text Include="terrain_vertex_shader.txt">
      <Filter>Src\Shaders</Filter>
    </Text>
    <Text Include="gui_fragment_shader.txt">
      <Filter>Src\GUI</Filter>
    </Text>
    <Text Include="gui_vertex_shader.txt">
      <Filter>Src\GUI</Filter>
    </Text>
    <Text Include="skybox_vertex_shader.txt">
      <Filter>Src\Skybox</Filter>
    </Text>
    <Text Include="skybox_fragment_shader.txt">
      <Filter>Src\Skybox</Filter>
    </Text>
    <Text Include="water_fragment.txt">
      <Filter>Src\Water</Filter>
    </Text>
    <Text Include="water_vertex.txt">
      <Filter>Src\Water</Filter>
    </Text>
  </ItemGroup>
  <ItemGroup>
    <Image Include="res\blendMap.png">
      <Filter>Res</Filter>
    </Image>
    <Image Include="res\box.png">
      <Filter>Res</Filter>
    </Image>
    <Image Include="res\diffuse.png">
      <Filter>Res</Filter>
    </Image>
    <Image Include="res\dirt.png">
      <Filter>Res</Filter>
    </Image>
    <Image Include="res\fern.png">
      <Filter>Res</Filter>
    </Image>
    <Image Include="res\flower.png">
      <Filter>Res</Filter>
    </Image>
    <Image Include="res\grass.png">
      <Filter>Res</Filter>
    </Image>
    <Image Include="res\grassFlowers.png">
      <Filter>Res</Filter>
    </Image>
    <Image Include="res\grassTexture.png">
      <Filter>Res</Filter>
    </Image>
    <Image Include="res\grassy.png">
      <Filter>Res</Filter>
    </Image>
    <Image Include="res\grassy2.png">
      <Filter>Res</Filter>
    </Image>
    <Image Include="res\grassy3.png">
      <Filter>Res</Filter>
    </Image>
    <Image Include="res\heightmap.png">
      <Filter>Res</Filter>
    </Image>
    <Image Include="res\image.png">
      <Filter>Res</Filter>
    </Image>
    <Image Include="res\lowPolyTree.png">
      <Filter>Res</Filter>
    </Image>
    <Image Include="res\mossPath256.png">
      <Filter>Res</Filter>
    </Image>
    <Image Include="res\mud.png">
      <Filter>Res</Filter>
    </Image>
    <Image Include="res\path.png">
      <Filter>Res</Filter>
    </Image>
    <Image Include="res\pink.png">
      <Filter>Res</Filter>
    </Image>
    <Image Include="res\pinkFlowers.png">
      <Filter>Res</Filter>
    </Image>
    <Image Include="res\playerTexture.png">
      <Filter>Res</Filter>
    </Image>
    <Image Include="res\red.png">
      <Filter>Res</Filter>
    </Image>
    <Image Include="res\stallTexture.png">
      <Filter>Res</Filter>
    </Image>
    <Image Include="res\tree.png">
      <Filter>Res</Filter>
    </Image>
    <Image Include="res\white.png">
      <Filter>Res</Filter>
    </Image>
    <Image Include="res\wooden_container.png">
      <Filter>Res</Filter>
    </Image>
    <Image Include="res\heightmapPerlin.png">
      <Filter>Res</Filter>
    </Image>
    <Image Include="res\back.png">
      <Filter>Res</Filter>
    </Image>
    <Image Include="res\bottom.png">
      <Filter>Res</Filter>
    </Image>
    <Image Include="res\front.png">
      <Filter>Res</Filter>
    </Image>
    <Image Include="res\left.png">
      <Filter>Res</Filter>
    </Image>
    <Image Include="res\right.png">
      <Filter>Res</Filter>
    </Image>
    <Image Include="res\top.png">
      <Filter>Res</Filter>
    </Image>
    <Image Include="res\lamp.png">
      <Filter>Res</Filter>
    </Image>
    <Image Include="res\nightLeft.png">
      <Filter>Res</Filter>
    </Image>
    <Image Include="res\nightRight.png">
      <Filter>Res</Filter>
    </Image>
    <Image Include="res\nightTop.png">
      <Filter>Res</Filter>
    </Image>
    <Image Include="res\nightBack.png">
      <Filter>Res</Filter>
    </Image>
    <Image Include="res\nightBottom.png">
      <Filter>Res</Filter>
    </Image>
    <Image Include="res\nightFront.png">
      <Filter>Res</Filter>
    </Image>
    <Image Include="res\waterdudv.png" />
  </ItemGroup>
</Project>